
Microsoft Visual Studio Solution File, Format Version 12.00
# Visual Studio Version 17
VisualStudioVersion = 17.8.34511.84
MinimumVisualStudioVersion = 10.0.40219.1
Project("{FAE04EC0-301F-11D3-BF4B-00C04F79EFBC}") = "M20240408.EntidadesDeNegocio", "M20240408.EntidadesDeNegocio\M20240408.EntidadesDeNegocio.csproj", "{78A7B6A4-869A-474C-9682-6D31C00425E0}"
EndProject
Project("{FAE04EC0-301F-11D3-BF4B-00C04F79EFBC}") = "M20240408AccesoADatos", "M20240408AccesoADatos\M20240408AccesoADatos.csproj", "{4DD6C289-1B9E-49C2-B21C-A325D6328888}"
EndProject
Global
	GlobalSection(SolutionConfigurationPlatforms) = preSolution
		Debug|Any CPU = Debug|Any CPU
		Release|Any CPU = Release|Any CPU
	EndGlobalSection
	GlobalSection(ProjectConfigurationPlatforms) = postSolution
		{78A7B6A4-869A-474C-9682-6D31C00425E0}.Debug|Any CPU.ActiveCfg = Debug|Any CPU
		{78A7B6A4-869A-474C-9682-6D31C00425E0}.Debug|Any CPU.Build.0 = Debug|Any CPU
		{78A7B6A4-869A-474C-9682-6D31C00425E0}.Release|Any CPU.ActiveCfg = Release|Any CPU
		{78A7B6A4-869A-474C-9682-6D31C00425E0}.Release|Any CPU.Build.0 = Release|Any CPU
		{4DD6C289-1B9E-49C2-B21C-A325D6328888}.Debug|Any CPU.ActiveCfg = Debug|Any CPU
		{4DD6C289-1B9E-49C2-B21C-A325D6328888}.Debug|Any CPU.Build.0 = Debug|Any CPU
		{4DD6C289-1B9E-49C2-B21C-A325D6328888}.Release|Any CPU.ActiveCfg = Release|Any CPU
		{4DD6C289-1B9E-49C2-B21C-A325D6328888}.Release|Any CPU.Build.0 = Release|Any CPU
	EndGlobalSection
	GlobalSection(SolutionProperties) = preSolution
		HideSolutionNode = FALSE
	EndGlobalSection
	GlobalSection(ExtensibilityGlobals) = postSolution
		SolutionGuid = {26173FA4-A57B-471E-B02C-C740853A84FD}
	EndGlobalSection
EndGlobal
